
Microsoft Visual Studio Solution File, Format Version 12.00
# Visual Studio Version 16
VisualStudioVersion = 16.0.31019.35
MinimumVisualStudioVersion = 10.0.40219.1
Project("{FAE04EC0-301F-11D3-BF4B-00C04F79EFBC}") = "EsetChallenge", "EsetChallenge.csproj", "{B7CE762A-DB0B-46B8-9EFD-649067FF3471}"
EndProject
Global
	GlobalSection(SolutionConfigurationPlatforms) = preSolution
		Debug|Any CPU = Debug|Any CPU
		Release|Any CPU = Release|Any CPU
	EndGlobalSection
	GlobalSection(ProjectConfigurationPlatforms) = postSolution
		{B7CE762A-DB0B-46B8-9EFD-649067FF3471}.Debug|Any CPU.ActiveCfg = Debug|Any CPU
		{B7CE762A-DB0B-46B8-9EFD-649067FF3471}.Debug|Any CPU.Build.0 = Debug|Any CPU
		{B7CE762A-DB0B-46B8-9EFD-649067FF3471}.Release|Any CPU.ActiveCfg = Release|Any CPU
		{B7CE762A-DB0B-46B8-9EFD-649067FF3471}.Release|Any CPU.Build.0 = Release|Any CPU
	EndGlobalSection
	GlobalSection(SolutionProperties) = preSolution
		HideSolutionNode = FALSE
	EndGlobalSection
	GlobalSection(ExtensibilityGlobals) = postSolution
		SolutionGuid = {8707C2FE-1B13-48C8-B770-F99228744672}
	EndGlobalSection
EndGlobal
